
Microsoft Visual Studio Solution File, Format Version 12.00
# Visual Studio Version 17
VisualStudioVersion = 17.9.34728.123
MinimumVisualStudioVersion = 10.0.40219.1
Project("{9A19103F-16F7-4668-BE54-9A1E7A4F7556}") = "WebEmployee.web", "WebEmployee.web\WebEmployee.web.csproj", "{C0DA101D-A3CA-4EC7-AF28-B5F8E6922531}"
EndProject
Project("{FAE04EC0-301F-11D3-BF4B-00C04F79EFBC}") = "WebEmployee.DataAccess", "WebEmployee.DataAccess\WebEmployee.DataAccess.csproj", "{99547ABA-AFE1-45E6-B368-46A6E5AFCFD5}"
EndProject
Project("{FAE04EC0-301F-11D3-BF4B-00C04F79EFBC}") = "WebEmployee.Models", "WebEmployee.Models\WebEmployee.Models.csproj", "{9A8DBB70-8565-48E5-AC11-00D18AB1FA0A}"
EndProject
Project("{FAE04EC0-301F-11D3-BF4B-00C04F79EFBC}") = "WebEmployee.API", "WebEmployee.API\WebEmployee.API.csproj", "{ED79B91A-63B3-4AA5-B9FC-43798D7F5E07}"
EndProject
Global
	GlobalSection(SolutionConfigurationPlatforms) = preSolution
		Debug|Any CPU = Debug|Any CPU
		Release|Any CPU = Release|Any CPU
	EndGlobalSection
	GlobalSection(ProjectConfigurationPlatforms) = postSolution
		{C0DA101D-A3CA-4EC7-AF28-B5F8E6922531}.Debug|Any CPU.ActiveCfg = Debug|Any CPU
		{C0DA101D-A3CA-4EC7-AF28-B5F8E6922531}.Debug|Any CPU.Build.0 = Debug|Any CPU
		{C0DA101D-A3CA-4EC7-AF28-B5F8E6922531}.Release|Any CPU.ActiveCfg = Release|Any CPU
		{C0DA101D-A3CA-4EC7-AF28-B5F8E6922531}.Release|Any CPU.Build.0 = Release|Any CPU
		{99547ABA-AFE1-45E6-B368-46A6E5AFCFD5}.Debug|Any CPU.ActiveCfg = Debug|Any CPU
		{99547ABA-AFE1-45E6-B368-46A6E5AFCFD5}.Debug|Any CPU.Build.0 = Debug|Any CPU
		{99547ABA-AFE1-45E6-B368-46A6E5AFCFD5}.Release|Any CPU.ActiveCfg = Release|Any CPU
		{99547ABA-AFE1-45E6-B368-46A6E5AFCFD5}.Release|Any CPU.Build.0 = Release|Any CPU
		{9A8DBB70-8565-48E5-AC11-00D18AB1FA0A}.Debug|Any CPU.ActiveCfg = Debug|Any CPU
		{9A8DBB70-8565-48E5-AC11-00D18AB1FA0A}.Debug|Any CPU.Build.0 = Debug|Any CPU
		{9A8DBB70-8565-48E5-AC11-00D18AB1FA0A}.Release|Any CPU.ActiveCfg = Release|Any CPU
		{9A8DBB70-8565-48E5-AC11-00D18AB1FA0A}.Release|Any CPU.Build.0 = Release|Any CPU
		{ED79B91A-63B3-4AA5-B9FC-43798D7F5E07}.Debug|Any CPU.ActiveCfg = Debug|Any CPU
		{ED79B91A-63B3-4AA5-B9FC-43798D7F5E07}.Debug|Any CPU.Build.0 = Debug|Any CPU
		{ED79B91A-63B3-4AA5-B9FC-43798D7F5E07}.Release|Any CPU.ActiveCfg = Release|Any CPU
		{ED79B91A-63B3-4AA5-B9FC-43798D7F5E07}.Release|Any CPU.Build.0 = Release|Any CPU
	EndGlobalSection
	GlobalSection(SolutionProperties) = preSolution
		HideSolutionNode = FALSE
	EndGlobalSection
	GlobalSection(ExtensibilityGlobals) = postSolution
		SolutionGuid = {3A1F28B4-8117-45F5-8514-C035DA2A4743}
	EndGlobalSection
EndGlobal
