
Microsoft Visual Studio Solution File, Format Version 12.00
# Visual Studio Version 17
VisualStudioVersion = 17.9.34728.123
MinimumVisualStudioVersion = 10.0.40219.1
Project("{FAE04EC0-301F-11D3-BF4B-00C04F79EFBC}") = "WebEmployee.web", "WebEmployee.web\WebEmployee.web.csproj", "{C0DA101D-A3CA-4EC7-AF28-B5F8E6922531}"
EndProject
Global
	GlobalSection(SolutionConfigurationPlatforms) = preSolution
		Debug|Any CPU = Debug|Any CPU
		Release|Any CPU = Release|Any CPU
	EndGlobalSection
	GlobalSection(ProjectConfigurationPlatforms) = postSolution
		{C0DA101D-A3CA-4EC7-AF28-B5F8E6922531}.Debug|Any CPU.ActiveCfg = Debug|Any CPU
		{C0DA101D-A3CA-4EC7-AF28-B5F8E6922531}.Debug|Any CPU.Build.0 = Debug|Any CPU
		{C0DA101D-A3CA-4EC7-AF28-B5F8E6922531}.Release|Any CPU.ActiveCfg = Release|Any CPU
		{C0DA101D-A3CA-4EC7-AF28-B5F8E6922531}.Release|Any CPU.Build.0 = Release|Any CPU
	EndGlobalSection
	GlobalSection(SolutionProperties) = preSolution
		HideSolutionNode = FALSE
	EndGlobalSection
	GlobalSection(ExtensibilityGlobals) = postSolution
		SolutionGuid = {3A1F28B4-8117-45F5-8514-C035DA2A4743}
	EndGlobalSection
EndGlobal
